{
  "version": 4,
  "terraform_version": "1.14.5",
  "serial": 5,
  "lineage": "509b2083-e4a7-bb20-15c6-a9f9f7c1d6a6",
  "outputs": {
    "subnet_id": {
      "value": "/subscriptions/52de897e-d8db-4596-ba6a-0c3a33868252/resourceGroups/rg-sre-learning/providers/Microsoft.Network/virtualNetworks/vnet-sre-learning/subnets/snet-sre-learning",
      "type": "string"
    },
    "vnet_id": {
      "value": "/subscriptions/52de897e-d8db-4596-ba6a-0c3a33868252/resourceGroups/rg-sre-learning/providers/Microsoft.Network/virtualNetworks/vnet-sre-learning",
      "type": "string"
    }
  },
  "resources": [
    {
      "mode": "managed",
      "type": "azurerm_resource_group",
      "name": "main",
      "provider": "provider[\"registry.terraform.io/hashicorp/azurerm\"]",
      "instances": [
        {
          "schema_version": 0,
          "attributes": {
            "id": "/subscriptions/52de897e-d8db-4596-ba6a-0c3a33868252/resourceGroups/rg-sre-learning",
            "location": "eastus",
            "managed_by": "",
            "name": "rg-sre-learning",
            "tags": {},
            "timeouts": null
          },
          "sensitive_attributes": [],
          "identity_schema_version": 0,
          "private": "eyJlMmJmYjczMC1lY2FhLTExZTYtOGY4OC0zNDM2M2JjN2M0YzAiOnsiY3JlYXRlIjo1NDAwMDAwMDAwMDAwLCJkZWxldGUiOjU0MDAwMDAwMDAwMDAsInJlYWQiOjMwMDAwMDAwMDAwMCwidXBkYXRlIjo1NDAwMDAwMDAwMDAwfX0="
        }
      ]
    },
    {
      "mode": "managed",
      "type": "azurerm_subnet",
      "name": "main",
      "provider": "provider[\"registry.terraform.io/hashicorp/azurerm\"]",
      "instances": [
        {
          "schema_version": 0,
          "attributes": {
            "address_prefixes": [
              "10.0.1.0/24"
            ],
            "default_outbound_access_enabled": true,
            "delegation": [],
            "enforce_private_link_endpoint_network_policies": false,
            "enforce_private_link_service_network_policies": false,
            "id": "/subscriptions/52de897e-d8db-4596-ba6a-0c3a33868252/resourceGroups/rg-sre-learning/providers/Microsoft.Network/virtualNetworks/vnet-sre-learning/subnets/snet-sre-learning",
            "name": "snet-sre-learning",
            "private_endpoint_network_policies": "Enabled",
            "private_endpoint_network_policies_enabled": true,
            "private_link_service_network_policies_enabled": true,
            "resource_group_name": "rg-sre-learning",
            "service_endpoint_policy_ids": [],
            "service_endpoints": [],
            "timeouts": null,
            "virtual_network_name": "vnet-sre-learning"
          },
          "sensitive_attributes": [],
          "identity_schema_version": 0,
          "private": "eyJlMmJmYjczMC1lY2FhLTExZTYtOGY4OC0zNDM2M2JjN2M0YzAiOnsiY3JlYXRlIjoxODAwMDAwMDAwMDAwLCJkZWxldGUiOjE4MDAwMDAwMDAwMDAsInJlYWQiOjMwMDAwMDAwMDAwMCwidXBkYXRlIjoxODAwMDAwMDAwMDAwfX0=",
          "dependencies": [
            "azurerm_resource_group.main",
            "azurerm_virtual_network.main"
          ]
        }
      ]
    },
    {
      "mode": "managed",
      "type": "azurerm_virtual_network",
      "name": "main",
      "provider": "provider[\"registry.terraform.io/hashicorp/azurerm\"]",
      "instances": [
        {
          "schema_version": 0,
          "attributes": {
            "address_space": [
              "10.0.0.0/16"
            ],
            "bgp_community": "",
            "ddos_protection_plan": [],
            "dns_servers": [],
            "edge_zone": "",
            "encryption": [],
            "flow_timeout_in_minutes": 0,
            "guid": "24c474df-8fc7-44de-a7a6-a1bb743a18da",
            "id": "/subscriptions/52de897e-d8db-4596-ba6a-0c3a33868252/resourceGroups/rg-sre-learning/providers/Microsoft.Network/virtualNetworks/vnet-sre-learning",
            "location": "eastus",
            "name": "vnet-sre-learning",
            "resource_group_name": "rg-sre-learning",
            "subnet": [
              {
                "address_prefix": "10.0.1.0/24",
                "id": "/subscriptions/52de897e-d8db-4596-ba6a-0c3a33868252/resourceGroups/rg-sre-learning/providers/Microsoft.Network/virtualNetworks/vnet-sre-learning/subnets/snet-sre-learning",
                "name": "snet-sre-learning",
                "security_group": ""
              }
            ],
            "tags": {},
            "timeouts": null
          },
          "sensitive_attributes": [],
          "identity_schema_version": 0,
          "private": "eyJlMmJmYjczMC1lY2FhLTExZTYtOGY4OC0zNDM2M2JjN2M0YzAiOnsiY3JlYXRlIjoxODAwMDAwMDAwMDAwLCJkZWxldGUiOjE4MDAwMDAwMDAwMDAsInJlYWQiOjMwMDAwMDAwMDAwMCwidXBkYXRlIjoxODAwMDAwMDAwMDAwfX0=",
          "dependencies": [
            "azurerm_resource_group.main"
          ]
        }
      ]
    }
  ],
  "check_results": null
}
